// !$*UTF8*$!
{
	archiveVersion = 1;
	classes = {
	};
	objectVersion = 56;
	objects = {

/* Begin PBXBuildFile section */
		19B0F16212767DFBB20A913B /* Pods_WhatsappClone.framework in Frameworks */ = {isa = PBXBuildFile; fileRef = 9D87D142A18D6F6916CB2FAC /* Pods_WhatsappClone.framework */; };
		6A1DE52F2C80DA8D0053E477 /* EditProfileUserViewController.swift in Sources */ = {isa = PBXBuildFile; fileRef = 6A1DE52E2C80DA8D0053E477 /* EditProfileUserViewController.swift */; };
		6A1DE5312C814FDC0053E477 /* EditProfileUserViewModel.swift in Sources */ = {isa = PBXBuildFile; fileRef = 6A1DE5302C814FDC0053E477 /* EditProfileUserViewModel.swift */; };
		6A1DE5372C82DE0A0053E477 /* ProfileAvatarUsernameView.swift in Sources */ = {isa = PBXBuildFile; fileRef = 6A1DE5362C82DE0A0053E477 /* ProfileAvatarUsernameView.swift */; };
		6A1DE5392C8324140053E477 /* StatusView.swift in Sources */ = {isa = PBXBuildFile; fileRef = 6A1DE5382C8324140053E477 /* StatusView.swift */; };
		6A1DE53B2C85D0D30053E477 /* FirebaseStorageHelper.swift in Sources */ = {isa = PBXBuildFile; fileRef = 6A1DE53A2C85D0D30053E477 /* FirebaseStorageHelper.swift */; };
		6A1DE53D2C86C2FB0053E477 /* Util.swift in Sources */ = {isa = PBXBuildFile; fileRef = 6A1DE53C2C86C2FB0053E477 /* Util.swift */; };
		6A1DE5432C883C030053E477 /* ContactListCellModel.swift in Sources */ = {isa = PBXBuildFile; fileRef = 6A1DE5422C883C030053E477 /* ContactListCellModel.swift */; };
		6A1DE5452C888F8E0053E477 /* ContactCell.swift in Sources */ = {isa = PBXBuildFile; fileRef = 6A1DE5442C888F8E0053E477 /* ContactCell.swift */; };
		6A1DE5492C88C9B30053E477 /* ProfileViewController.swift in Sources */ = {isa = PBXBuildFile; fileRef = 6A1DE5482C88C9B30053E477 /* ProfileViewController.swift */; };
		6A1DE54B2C88C9BE0053E477 /* ProfileViewModel.swift in Sources */ = {isa = PBXBuildFile; fileRef = 6A1DE54A2C88C9BE0053E477 /* ProfileViewModel.swift */; };
		6A1DE54E2C88D3730053E477 /* ProfileSendMessageView.swift in Sources */ = {isa = PBXBuildFile; fileRef = 6A1DE54D2C88D3730053E477 /* ProfileSendMessageView.swift */; };
		6A63D4C12C8987C900C0824F /* RecentChatViewController.swift in Sources */ = {isa = PBXBuildFile; fileRef = 6A63D4C02C8987C900C0824F /* RecentChatViewController.swift */; };
		6A63D4C32C8987E500C0824F /* RecentChatViewModel.swift in Sources */ = {isa = PBXBuildFile; fileRef = 6A63D4C22C8987E500C0824F /* RecentChatViewModel.swift */; };
		6A63D4C72C898A0E00C0824F /* RecentChatCell.swift in Sources */ = {isa = PBXBuildFile; fileRef = 6A63D4C62C898A0E00C0824F /* RecentChatCell.swift */; };
		6A63D4CC2C89959D00C0824F /* RecentMessageModel.swift in Sources */ = {isa = PBXBuildFile; fileRef = 6A63D4CB2C89959D00C0824F /* RecentMessageModel.swift */; };
		6A63D4D02C8AD64400C0824F /* Date+Extension.swift in Sources */ = {isa = PBXBuildFile; fileRef = 6A63D4CF2C8AD64400C0824F /* Date+Extension.swift */; };
		6A63D4D22C8ADB7A00C0824F /* DateUtils.swift in Sources */ = {isa = PBXBuildFile; fileRef = 6A63D4D12C8ADB7A00C0824F /* DateUtils.swift */; };
		6A63D4D42C8AED6C00C0824F /* FirebaseRecentChatHelper.swift in Sources */ = {isa = PBXBuildFile; fileRef = 6A63D4D32C8AED6C00C0824F /* FirebaseRecentChatHelper.swift */; };
		6A63D4D62C8AF7BB00C0824F /* FirebaseRecentChatListener.swift in Sources */ = {isa = PBXBuildFile; fileRef = 6A63D4D52C8AF7BB00C0824F /* FirebaseRecentChatListener.swift */; };
		6A63D4D82C8B229B00C0824F /* RecentChatCellModel.swift in Sources */ = {isa = PBXBuildFile; fileRef = 6A63D4D72C8B229B00C0824F /* RecentChatCellModel.swift */; };
		6A63D4DA2C8BE82300C0824F /* ChatsViewModel.swift in Sources */ = {isa = PBXBuildFile; fileRef = 6A63D4D92C8BE82300C0824F /* ChatsViewModel.swift */; };
		6A63D4DD2C8C05C100C0824F /* ChatsViewController+DataSource.swift in Sources */ = {isa = PBXBuildFile; fileRef = 6A63D4DC2C8C05C100C0824F /* ChatsViewController+DataSource.swift */; };
		6A63D4DF2C8C066100C0824F /* ChatViewController+MessagesCellDelegate.swift in Sources */ = {isa = PBXBuildFile; fileRef = 6A63D4DE2C8C066100C0824F /* ChatViewController+MessagesCellDelegate.swift */; };
		6A63D4E12C8C06A300C0824F /* ChatViewController+MessageDisplayDelegate.swift in Sources */ = {isa = PBXBuildFile; fileRef = 6A63D4E02C8C06A300C0824F /* ChatViewController+MessageDisplayDelegate.swift */; };
		6A63D4E32C8C06F400C0824F /* ChatViewController+LayoutDelegate.swift in Sources */ = {isa = PBXBuildFile; fileRef = 6A63D4E22C8C06F400C0824F /* ChatViewController+LayoutDelegate.swift */; };
		6A63D4E52C8C077000C0824F /* ChatViewController+InputBarAccesoryDelegate.swift in Sources */ = {isa = PBXBuildFile; fileRef = 6A63D4E42C8C077000C0824F /* ChatViewController+InputBarAccesoryDelegate.swift */; };
		6A63D4E82C8C11AE00C0824F /* MKSender.swift in Sources */ = {isa = PBXBuildFile; fileRef = 6A63D4E72C8C11AE00C0824F /* MKSender.swift */; };
		6A63D4EA2C8C121400C0824F /* MKMessage.swift in Sources */ = {isa = PBXBuildFile; fileRef = 6A63D4E92C8C121400C0824F /* MKMessage.swift */; };
		6A63D4ED2C8C156200C0824F /* LocalMessage.swift in Sources */ = {isa = PBXBuildFile; fileRef = 6A63D4EC2C8C156200C0824F /* LocalMessage.swift */; };
		6A63D4EF2C8C1BAA00C0824F /* MessageModel.swift in Sources */ = {isa = PBXBuildFile; fileRef = 6A63D4EE2C8C1BAA00C0824F /* MessageModel.swift */; };
		6A67AABE2C764B5F008F0100 /* LoginViewController.swift in Sources */ = {isa = PBXBuildFile; fileRef = 6A67AABD2C764B5F008F0100 /* LoginViewController.swift */; };
		6A67AAC02C764B98008F0100 /* LoginViewModel.swift in Sources */ = {isa = PBXBuildFile; fileRef = 6A67AABF2C764B98008F0100 /* LoginViewModel.swift */; };
		6A67AAC32C76E019008F0100 /* UIColor+Extension.swift in Sources */ = {isa = PBXBuildFile; fileRef = 6A67AAC22C76E019008F0100 /* UIColor+Extension.swift */; };
		6A67AACA2C76F042008F0100 /* GoogleService-Info.plist in Resources */ = {isa = PBXBuildFile; fileRef = 6A67AAC92C76F042008F0100 /* GoogleService-Info.plist */; };
		6A67AACE2C76F466008F0100 /* FirebaseHelper.swift in Sources */ = {isa = PBXBuildFile; fileRef = 6A67AACD2C76F466008F0100 /* FirebaseHelper.swift */; };
		6A67AAD52C76F8F4008F0100 /* FirebaseCollectionReference.swift in Sources */ = {isa = PBXBuildFile; fileRef = 6A67AAD42C76F8F4008F0100 /* FirebaseCollectionReference.swift */; };
		6A67AAD82C76FACF008F0100 /* FirebaseUserListener.swift in Sources */ = {isa = PBXBuildFile; fileRef = 6A67AAD72C76FACF008F0100 /* FirebaseUserListener.swift */; };
		6A67AAE32C7752C9008F0100 /* RegisterViewModel.swift in Sources */ = {isa = PBXBuildFile; fileRef = 6A67AAE22C7752C9008F0100 /* RegisterViewModel.swift */; };
		6A67AAE52C7752D2008F0100 /* RegisterViewController.swift in Sources */ = {isa = PBXBuildFile; fileRef = 6A67AAE42C7752D2008F0100 /* RegisterViewController.swift */; };
		6A7D1C2D2C79857D00F1F6D0 /* ChatsViewController.swift in Sources */ = {isa = PBXBuildFile; fileRef = 6A7D1C2C2C79857D00F1F6D0 /* ChatsViewController.swift */; };
		6A7D1C2F2C79859500F1F6D0 /* SettingsViewController.swift in Sources */ = {isa = PBXBuildFile; fileRef = 6A7D1C2E2C79859500F1F6D0 /* SettingsViewController.swift */; };
		6A7D1C322C7985E800F1F6D0 /* HomeTabbarViewController.swift in Sources */ = {isa = PBXBuildFile; fileRef = 6A7D1C312C7985E800F1F6D0 /* HomeTabbarViewController.swift */; };
		6A7D1C342C7985F400F1F6D0 /* HomeTabbarViewModel.swift in Sources */ = {isa = PBXBuildFile; fileRef = 6A7D1C332C7985F400F1F6D0 /* HomeTabbarViewModel.swift */; };
		6A7D1C362C7B87B700F1F6D0 /* ContactsViewModel.swift in Sources */ = {isa = PBXBuildFile; fileRef = 6A7D1C352C7B87B700F1F6D0 /* ContactsViewModel.swift */; };
		6A7D1C382C7B89F300F1F6D0 /* SettingsViewModel.swift in Sources */ = {isa = PBXBuildFile; fileRef = 6A7D1C372C7B89F300F1F6D0 /* SettingsViewModel.swift */; };
		6A7D1C3C2C7B8B9400F1F6D0 /* SettingsUserView.swift in Sources */ = {isa = PBXBuildFile; fileRef = 6A7D1C3B2C7B8B9400F1F6D0 /* SettingsUserView.swift */; };
		6A8918BF2C7D916A0002E1F7 /* ShareLogoutUserView.swift in Sources */ = {isa = PBXBuildFile; fileRef = 6A8918BE2C7D916A0002E1F7 /* ShareLogoutUserView.swift */; };
		6A9B6F9C2C762AE600614F5D /* AppDelegate.swift in Sources */ = {isa = PBXBuildFile; fileRef = 6A9B6F9B2C762AE600614F5D /* AppDelegate.swift */; };
		6A9B6F9E2C762AE600614F5D /* SceneDelegate.swift in Sources */ = {isa = PBXBuildFile; fileRef = 6A9B6F9D2C762AE600614F5D /* SceneDelegate.swift */; };
		6A9B6FA52C762AE800614F5D /* Assets.xcassets in Resources */ = {isa = PBXBuildFile; fileRef = 6A9B6FA42C762AE800614F5D /* Assets.xcassets */; };
		6A9B6FA82C762AE800614F5D /* Base in Resources */ = {isa = PBXBuildFile; fileRef = 6A9B6FA72C762AE800614F5D /* Base */; };
		6AB836152C8D222000C5A3E8 /* DBManager.swift in Sources */ = {isa = PBXBuildFile; fileRef = 6AB836142C8D222000C5A3E8 /* DBManager.swift */; };
		6AB836172C8D306A00C5A3E8 /* OutgoingMessageHelper.swift in Sources */ = {isa = PBXBuildFile; fileRef = 6AB836162C8D306A00C5A3E8 /* OutgoingMessageHelper.swift */; };
		6AB836192C8D460100C5A3E8 /* ChatStatusEnum.swift in Sources */ = {isa = PBXBuildFile; fileRef = 6AB836182C8D460100C5A3E8 /* ChatStatusEnum.swift */; };
		6AB8361B2C8D46E000C5A3E8 /* SendChatTypeEnum.swift in Sources */ = {isa = PBXBuildFile; fileRef = 6AB8361A2C8D46E000C5A3E8 /* SendChatTypeEnum.swift */; };
		6AB8361D2C8D570E00C5A3E8 /* FirebaseMessageListener.swift in Sources */ = {isa = PBXBuildFile; fileRef = 6AB8361C2C8D570E00C5A3E8 /* FirebaseMessageListener.swift */; };
		6AB836202C8D7C0A00C5A3E8 /* IncomeChatHelper.swift in Sources */ = {isa = PBXBuildFile; fileRef = 6AB8361F2C8D7C0A00C5A3E8 /* IncomeChatHelper.swift */; };
		6AB836232C8D8D4100C5A3E8 /* MessageTextChatCell.swift in Sources */ = {isa = PBXBuildFile; fileRef = 6AB836222C8D8D4100C5A3E8 /* MessageTextChatCell.swift */; };
		6AC91F542C77A2E300A60476 /* Constant.swift in Sources */ = {isa = PBXBuildFile; fileRef = 6AC91F532C77A2E300A60476 /* Constant.swift */; };
		6AC91F552C77A2E900A60476 /* UserModel.swift in Sources */ = {isa = PBXBuildFile; fileRef = 6AC91F502C77A26900A60476 /* UserModel.swift */; };
		6AD5F2EF2C779DB80068DAE3 /* FirebaseHelper.swift in Sources */ = {isa = PBXBuildFile; fileRef = 6A67AACD2C76F466008F0100 /* FirebaseHelper.swift */; };
		6AE365FF2C96E4CC0008F2D8 /* ChatHeaderView.swift in Sources */ = {isa = PBXBuildFile; fileRef = 6AE365FE2C96E4CC0008F2D8 /* ChatHeaderView.swift */; };
		6AE366012C9BCB8C0008F2D8 /* FirebaseTypingListener.swift in Sources */ = {isa = PBXBuildFile; fileRef = 6AE366002C9BCB8C0008F2D8 /* FirebaseTypingListener.swift */; };
		6AFF6A462C7980E400D59FB0 /* ContactsViewController.swift in Sources */ = {isa = PBXBuildFile; fileRef = 6AFF6A452C7980E400D59FB0 /* ContactsViewController.swift */; };
/* End PBXBuildFile section */

/* Begin PBXFileReference section */
		66213E1C246606E7EE096119 /* Pods-WhatsappClone.release.xcconfig */ = {isa = PBXFileReference; includeInIndex = 1; lastKnownFileType = text.xcconfig; name = "Pods-WhatsappClone.release.xcconfig"; path = "Target Support Files/Pods-WhatsappClone/Pods-WhatsappClone.release.xcconfig"; sourceTree = "<group>"; };
		6A1DE52E2C80DA8D0053E477 /* EditProfileUserViewController.swift */ = {isa = PBXFileReference; lastKnownFileType = sourcecode.swift; path = EditProfileUserViewController.swift; sourceTree = "<group>"; };
		6A1DE5302C814FDC0053E477 /* EditProfileUserViewModel.swift */ = {isa = PBXFileReference; lastKnownFileType = sourcecode.swift; path = EditProfileUserViewModel.swift; sourceTree = "<group>"; };
		6A1DE5362C82DE0A0053E477 /* ProfileAvatarUsernameView.swift */ = {isa = PBXFileReference; lastKnownFileType = sourcecode.swift; path = ProfileAvatarUsernameView.swift; sourceTree = "<group>"; };
		6A1DE5382C8324140053E477 /* StatusView.swift */ = {isa = PBXFileReference; lastKnownFileType = sourcecode.swift; path = StatusView.swift; sourceTree = "<group>"; };
		6A1DE53A2C85D0D30053E477 /* FirebaseStorageHelper.swift */ = {isa = PBXFileReference; lastKnownFileType = sourcecode.swift; path = FirebaseStorageHelper.swift; sourceTree = "<group>"; };
		6A1DE53C2C86C2FB0053E477 /* Util.swift */ = {isa = PBXFileReference; lastKnownFileType = sourcecode.swift; path = Util.swift; sourceTree = "<group>"; };
		6A1DE5422C883C030053E477 /* ContactListCellModel.swift */ = {isa = PBXFileReference; lastKnownFileType = sourcecode.swift; path = ContactListCellModel.swift; sourceTree = "<group>"; };
		6A1DE5442C888F8E0053E477 /* ContactCell.swift */ = {isa = PBXFileReference; lastKnownFileType = sourcecode.swift; path = ContactCell.swift; sourceTree = "<group>"; };
		6A1DE5482C88C9B30053E477 /* ProfileViewController.swift */ = {isa = PBXFileReference; lastKnownFileType = sourcecode.swift; path = ProfileViewController.swift; sourceTree = "<group>"; };
		6A1DE54A2C88C9BE0053E477 /* ProfileViewModel.swift */ = {isa = PBXFileReference; lastKnownFileType = sourcecode.swift; path = ProfileViewModel.swift; sourceTree = "<group>"; };
		6A1DE54D2C88D3730053E477 /* ProfileSendMessageView.swift */ = {isa = PBXFileReference; lastKnownFileType = sourcecode.swift; path = ProfileSendMessageView.swift; sourceTree = "<group>"; };
		6A63D4C02C8987C900C0824F /* RecentChatViewController.swift */ = {isa = PBXFileReference; lastKnownFileType = sourcecode.swift; name = RecentChatViewController.swift; path = WhatsappClone/RecentChat/RecentChatViewController.swift; sourceTree = SOURCE_ROOT; };
		6A63D4C22C8987E500C0824F /* RecentChatViewModel.swift */ = {isa = PBXFileReference; lastKnownFileType = sourcecode.swift; path = RecentChatViewModel.swift; sourceTree = "<group>"; };
		6A63D4C62C898A0E00C0824F /* RecentChatCell.swift */ = {isa = PBXFileReference; lastKnownFileType = sourcecode.swift; path = RecentChatCell.swift; sourceTree = "<group>"; };
		6A63D4CB2C89959D00C0824F /* RecentMessageModel.swift */ = {isa = PBXFileReference; lastKnownFileType = sourcecode.swift; path = RecentMessageModel.swift; sourceTree = "<group>"; };
		6A63D4CF2C8AD64400C0824F /* Date+Extension.swift */ = {isa = PBXFileReference; lastKnownFileType = sourcecode.swift; path = "Date+Extension.swift"; sourceTree = "<group>"; };
		6A63D4D12C8ADB7A00C0824F /* DateUtils.swift */ = {isa = PBXFileReference; lastKnownFileType = sourcecode.swift; path = DateUtils.swift; sourceTree = "<group>"; };
		6A63D4D32C8AED6C00C0824F /* FirebaseRecentChatHelper.swift */ = {isa = PBXFileReference; lastKnownFileType = sourcecode.swift; path = FirebaseRecentChatHelper.swift; sourceTree = "<group>"; };
		6A63D4D52C8AF7BB00C0824F /* FirebaseRecentChatListener.swift */ = {isa = PBXFileReference; lastKnownFileType = sourcecode.swift; path = FirebaseRecentChatListener.swift; sourceTree = "<group>"; };
		6A63D4D72C8B229B00C0824F /* RecentChatCellModel.swift */ = {isa = PBXFileReference; lastKnownFileType = sourcecode.swift; path = RecentChatCellModel.swift; sourceTree = "<group>"; };
		6A63D4D92C8BE82300C0824F /* ChatsViewModel.swift */ = {isa = PBXFileReference; lastKnownFileType = sourcecode.swift; path = ChatsViewModel.swift; sourceTree = "<group>"; };
		6A63D4DC2C8C05C100C0824F /* ChatsViewController+DataSource.swift */ = {isa = PBXFileReference; lastKnownFileType = sourcecode.swift; path = "ChatsViewController+DataSource.swift"; sourceTree = "<group>"; };
		6A63D4DE2C8C066100C0824F /* ChatViewController+MessagesCellDelegate.swift */ = {isa = PBXFileReference; lastKnownFileType = sourcecode.swift; path = "ChatViewController+MessagesCellDelegate.swift"; sourceTree = "<group>"; };
		6A63D4E02C8C06A300C0824F /* ChatViewController+MessageDisplayDelegate.swift */ = {isa = PBXFileReference; lastKnownFileType = sourcecode.swift; path = "ChatViewController+MessageDisplayDelegate.swift"; sourceTree = "<group>"; };
		6A63D4E22C8C06F400C0824F /* ChatViewController+LayoutDelegate.swift */ = {isa = PBXFileReference; lastKnownFileType = sourcecode.swift; path = "ChatViewController+LayoutDelegate.swift"; sourceTree = "<group>"; };
		6A63D4E42C8C077000C0824F /* ChatViewController+InputBarAccesoryDelegate.swift */ = {isa = PBXFileReference; lastKnownFileType = sourcecode.swift; path = "ChatViewController+InputBarAccesoryDelegate.swift"; sourceTree = "<group>"; };
		6A63D4E72C8C11AE00C0824F /* MKSender.swift */ = {isa = PBXFileReference; lastKnownFileType = sourcecode.swift; path = MKSender.swift; sourceTree = "<group>"; };
		6A63D4E92C8C121400C0824F /* MKMessage.swift */ = {isa = PBXFileReference; lastKnownFileType = sourcecode.swift; path = MKMessage.swift; sourceTree = "<group>"; };
		6A63D4EC2C8C156200C0824F /* LocalMessage.swift */ = {isa = PBXFileReference; lastKnownFileType = sourcecode.swift; path = LocalMessage.swift; sourceTree = "<group>"; };
		6A63D4EE2C8C1BAA00C0824F /* MessageModel.swift */ = {isa = PBXFileReference; lastKnownFileType = sourcecode.swift; path = MessageModel.swift; sourceTree = "<group>"; };
		6A67AABD2C764B5F008F0100 /* LoginViewController.swift */ = {isa = PBXFileReference; lastKnownFileType = sourcecode.swift; path = LoginViewController.swift; sourceTree = "<group>"; };
		6A67AABF2C764B98008F0100 /* LoginViewModel.swift */ = {isa = PBXFileReference; lastKnownFileType = sourcecode.swift; path = LoginViewModel.swift; sourceTree = "<group>"; };
		6A67AAC22C76E019008F0100 /* UIColor+Extension.swift */ = {isa = PBXFileReference; lastKnownFileType = sourcecode.swift; path = "UIColor+Extension.swift"; sourceTree = "<group>"; };
		6A67AAC92C76F042008F0100 /* GoogleService-Info.plist */ = {isa = PBXFileReference; fileEncoding = 4; lastKnownFileType = text.plist.xml; path = "GoogleService-Info.plist"; sourceTree = "<group>"; };
		6A67AACB2C76F339008F0100 /* UserModel.swift */ = {isa = PBXFileReference; lastKnownFileType = sourcecode.swift; path = UserModel.swift; sourceTree = "<group>"; };
		6A67AACD2C76F466008F0100 /* FirebaseHelper.swift */ = {isa = PBXFileReference; lastKnownFileType = sourcecode.swift; path = FirebaseHelper.swift; sourceTree = "<group>"; };
		6A67AAD02C76F5F4008F0100 /* Constant.swift */ = {isa = PBXFileReference; lastKnownFileType = sourcecode.swift; path = Constant.swift; sourceTree = "<group>"; };
		6A67AAD42C76F8F4008F0100 /* FirebaseCollectionReference.swift */ = {isa = PBXFileReference; lastKnownFileType = sourcecode.swift; path = FirebaseCollectionReference.swift; sourceTree = "<group>"; };
		6A67AAD72C76FACF008F0100 /* FirebaseUserListener.swift */ = {isa = PBXFileReference; lastKnownFileType = sourcecode.swift; path = FirebaseUserListener.swift; sourceTree = "<group>"; };
		6A67AAE22C7752C9008F0100 /* RegisterViewModel.swift */ = {isa = PBXFileReference; lastKnownFileType = sourcecode.swift; path = RegisterViewModel.swift; sourceTree = "<group>"; };
		6A67AAE42C7752D2008F0100 /* RegisterViewController.swift */ = {isa = PBXFileReference; lastKnownFileType = sourcecode.swift; path = RegisterViewController.swift; sourceTree = "<group>"; };
		6A7D1C2C2C79857D00F1F6D0 /* ChatsViewController.swift */ = {isa = PBXFileReference; lastKnownFileType = sourcecode.swift; path = ChatsViewController.swift; sourceTree = "<group>"; };
		6A7D1C2E2C79859500F1F6D0 /* SettingsViewController.swift */ = {isa = PBXFileReference; lastKnownFileType = sourcecode.swift; path = SettingsViewController.swift; sourceTree = "<group>"; };
		6A7D1C312C7985E800F1F6D0 /* HomeTabbarViewController.swift */ = {isa = PBXFileReference; lastKnownFileType = sourcecode.swift; path = HomeTabbarViewController.swift; sourceTree = "<group>"; };
		6A7D1C332C7985F400F1F6D0 /* HomeTabbarViewModel.swift */ = {isa = PBXFileReference; lastKnownFileType = sourcecode.swift; path = HomeTabbarViewModel.swift; sourceTree = "<group>"; };
		6A7D1C352C7B87B700F1F6D0 /* ContactsViewModel.swift */ = {isa = PBXFileReference; lastKnownFileType = sourcecode.swift; path = ContactsViewModel.swift; sourceTree = "<group>"; };
		6A7D1C372C7B89F300F1F6D0 /* SettingsViewModel.swift */ = {isa = PBXFileReference; lastKnownFileType = sourcecode.swift; path = SettingsViewModel.swift; sourceTree = "<group>"; };
		6A7D1C3B2C7B8B9400F1F6D0 /* SettingsUserView.swift */ = {isa = PBXFileReference; lastKnownFileType = sourcecode.swift; path = SettingsUserView.swift; sourceTree = "<group>"; };
		6A8918BE2C7D916A0002E1F7 /* ShareLogoutUserView.swift */ = {isa = PBXFileReference; lastKnownFileType = sourcecode.swift; path = ShareLogoutUserView.swift; sourceTree = "<group>"; };
		6A9B6F982C762AE600614F5D /* WhatsappClone.app */ = {isa = PBXFileReference; explicitFileType = wrapper.application; includeInIndex = 0; path = WhatsappClone.app; sourceTree = BUILT_PRODUCTS_DIR; };
		6A9B6F9B2C762AE600614F5D /* AppDelegate.swift */ = {isa = PBXFileReference; lastKnownFileType = sourcecode.swift; path = AppDelegate.swift; sourceTree = "<group>"; };
		6A9B6F9D2C762AE600614F5D /* SceneDelegate.swift */ = {isa = PBXFileReference; lastKnownFileType = sourcecode.swift; path = SceneDelegate.swift; sourceTree = "<group>"; };
		6A9B6FA42C762AE800614F5D /* Assets.xcassets */ = {isa = PBXFileReference; lastKnownFileType = folder.assetcatalog; path = Assets.xcassets; sourceTree = "<group>"; };
		6A9B6FA72C762AE800614F5D /* Base */ = {isa = PBXFileReference; lastKnownFileType = file.storyboard; name = Base; path = Base.lproj/LaunchScreen.storyboard; sourceTree = "<group>"; };
		6A9B6FA92C762AE800614F5D /* Info.plist */ = {isa = PBXFileReference; lastKnownFileType = text.plist.xml; path = Info.plist; sourceTree = "<group>"; };
		6AB836142C8D222000C5A3E8 /* DBManager.swift */ = {isa = PBXFileReference; lastKnownFileType = sourcecode.swift; path = DBManager.swift; sourceTree = "<group>"; };
		6AB836162C8D306A00C5A3E8 /* OutgoingMessageHelper.swift */ = {isa = PBXFileReference; lastKnownFileType = sourcecode.swift; path = OutgoingMessageHelper.swift; sourceTree = "<group>"; };
		6AB836182C8D460100C5A3E8 /* ChatStatusEnum.swift */ = {isa = PBXFileReference; lastKnownFileType = sourcecode.swift; path = ChatStatusEnum.swift; sourceTree = "<group>"; };
		6AB8361A2C8D46E000C5A3E8 /* SendChatTypeEnum.swift */ = {isa = PBXFileReference; lastKnownFileType = sourcecode.swift; path = SendChatTypeEnum.swift; sourceTree = "<group>"; };
		6AB8361C2C8D570E00C5A3E8 /* FirebaseMessageListener.swift */ = {isa = PBXFileReference; lastKnownFileType = sourcecode.swift; path = FirebaseMessageListener.swift; sourceTree = "<group>"; };
		6AB8361F2C8D7C0A00C5A3E8 /* IncomeChatHelper.swift */ = {isa = PBXFileReference; lastKnownFileType = sourcecode.swift; path = IncomeChatHelper.swift; sourceTree = "<group>"; };
		6AB836222C8D8D4100C5A3E8 /* MessageTextChatCell.swift */ = {isa = PBXFileReference; lastKnownFileType = sourcecode.swift; path = MessageTextChatCell.swift; sourceTree = "<group>"; };
		6AC91F502C77A26900A60476 /* UserModel.swift */ = {isa = PBXFileReference; fileEncoding = 4; lastKnownFileType = sourcecode.swift; path = UserModel.swift; sourceTree = "<group>"; };
		6AC91F532C77A2E300A60476 /* Constant.swift */ = {isa = PBXFileReference; fileEncoding = 4; lastKnownFileType = sourcecode.swift; name = Constant.swift; path = WhatsappClone/Utils/Constant.swift; sourceTree = SOURCE_ROOT; };
		6AE365FE2C96E4CC0008F2D8 /* ChatHeaderView.swift */ = {isa = PBXFileReference; lastKnownFileType = sourcecode.swift; path = ChatHeaderView.swift; sourceTree = "<group>"; };
		6AE366002C9BCB8C0008F2D8 /* FirebaseTypingListener.swift */ = {isa = PBXFileReference; lastKnownFileType = sourcecode.swift; path = FirebaseTypingListener.swift; sourceTree = "<group>"; };
		6AFF6A452C7980E400D59FB0 /* ContactsViewController.swift */ = {isa = PBXFileReference; lastKnownFileType = sourcecode.swift; path = ContactsViewController.swift; sourceTree = "<group>"; };
		8982861C24A5BF6556695749 /* Pods-WhatsappClone.debug.xcconfig */ = {isa = PBXFileReference; includeInIndex = 1; lastKnownFileType = text.xcconfig; name = "Pods-WhatsappClone.debug.xcconfig"; path = "Target Support Files/Pods-WhatsappClone/Pods-WhatsappClone.debug.xcconfig"; sourceTree = "<group>"; };
		9D87D142A18D6F6916CB2FAC /* Pods_WhatsappClone.framework */ = {isa = PBXFileReference; explicitFileType = wrapper.framework; includeInIndex = 0; path = Pods_WhatsappClone.framework; sourceTree = BUILT_PRODUCTS_DIR; };
/* End PBXFileReference section */

/* Begin PBXFrameworksBuildPhase section */
		6A9B6F952C762AE600614F5D /* Frameworks */ = {
			isa = PBXFrameworksBuildPhase;
			buildActionMask = 2147483647;
			files = (
				19B0F16212767DFBB20A913B /* Pods_WhatsappClone.framework in Frameworks */,
			);
			runOnlyForDeploymentPostprocessing = 0;
		};
/* End PBXFrameworksBuildPhase section */

/* Begin PBXGroup section */
		44B81F6C856CF4606B41FAAF /* Pods */ = {
			isa = PBXGroup;
			children = (
				8982861C24A5BF6556695749 /* Pods-WhatsappClone.debug.xcconfig */,
				66213E1C246606E7EE096119 /* Pods-WhatsappClone.release.xcconfig */,
			);
			path = Pods;
			sourceTree = "<group>";
		};
		6A1DE52D2C80DA220053E477 /* EditProfile */ = {
			isa = PBXGroup;
			children = (
				6A1DE5352C82DDDB0053E477 /* Views */,
				6A1DE52E2C80DA8D0053E477 /* EditProfileUserViewController.swift */,
				6A1DE5302C814FDC0053E477 /* EditProfileUserViewModel.swift */,
			);
			path = EditProfile;
			sourceTree = "<group>";
		};
		6A1DE5352C82DDDB0053E477 /* Views */ = {
			isa = PBXGroup;
			children = (
				6A1DE5362C82DE0A0053E477 /* ProfileAvatarUsernameView.swift */,
				6A1DE5382C8324140053E477 /* StatusView.swift */,
			);
			path = Views;
			sourceTree = "<group>";
		};
		6A1DE53E2C8734BC0053E477 /* Cells */ = {
			isa = PBXGroup;
			children = (
				6A1DE5442C888F8E0053E477 /* ContactCell.swift */,
			);
			path = Cells;
			sourceTree = "<group>";
		};
		6A1DE5412C883BF40053E477 /* Model */ = {
			isa = PBXGroup;
			children = (
				6A1DE5422C883C030053E477 /* ContactListCellModel.swift */,
			);
			path = Model;
			sourceTree = "<group>";
		};
		6A1DE5472C88C98B0053E477 /* Profile */ = {
			isa = PBXGroup;
			children = (
				6A1DE54C2C88D34B0053E477 /* Views */,
				6A1DE5482C88C9B30053E477 /* ProfileViewController.swift */,
				6A1DE54A2C88C9BE0053E477 /* ProfileViewModel.swift */,
			);
			path = Profile;
			sourceTree = "<group>";
		};
		6A1DE54C2C88D34B0053E477 /* Views */ = {
			isa = PBXGroup;
			children = (
				6A1DE54D2C88D3730053E477 /* ProfileSendMessageView.swift */,
			);
			path = Views;
			sourceTree = "<group>";
		};
		6A63D4BF2C8986AF00C0824F /* RecentChat */ = {
			isa = PBXGroup;
			children = (
				6A63D4CA2C89958C00C0824F /* Models */,
				6A63D4C52C8988B300C0824F /* Cells */,
				6A63D4C02C8987C900C0824F /* RecentChatViewController.swift */,
				6A63D4C22C8987E500C0824F /* RecentChatViewModel.swift */,
			);
			path = RecentChat;
			sourceTree = "<group>";
		};
		6A63D4C52C8988B300C0824F /* Cells */ = {
			isa = PBXGroup;
			children = (
				6A63D4C62C898A0E00C0824F /* RecentChatCell.swift */,
			);
			path = Cells;
			sourceTree = "<group>";
		};
		6A63D4CA2C89958C00C0824F /* Models */ = {
			isa = PBXGroup;
			children = (
				6A63D4CB2C89959D00C0824F /* RecentMessageModel.swift */,
				6A63D4D72C8B229B00C0824F /* RecentChatCellModel.swift */,
			);
			path = Models;
			sourceTree = "<group>";
		};
		6A63D4CE2C8AD63200C0824F /* Extension */ = {
			isa = PBXGroup;
			children = (
				6A67AAC22C76E019008F0100 /* UIColor+Extension.swift */,
				6A63D4CF2C8AD64400C0824F /* Date+Extension.swift */,
			);
			path = Extension;
			sourceTree = "<group>";
		};
		6A63D4DB2C8C059800C0824F /* ChatViewExtension */ = {
			isa = PBXGroup;
			children = (
				6A63D4DC2C8C05C100C0824F /* ChatsViewController+DataSource.swift */,
				6A63D4DE2C8C066100C0824F /* ChatViewController+MessagesCellDelegate.swift */,
				6A63D4E02C8C06A300C0824F /* ChatViewController+MessageDisplayDelegate.swift */,
				6A63D4E22C8C06F400C0824F /* ChatViewController+LayoutDelegate.swift */,
				6A63D4E42C8C077000C0824F /* ChatViewController+InputBarAccesoryDelegate.swift */,
			);
			path = ChatViewExtension;
			sourceTree = "<group>";
		};
		6A63D4E62C8C08BA00C0824F /* Model */ = {
			isa = PBXGroup;
			children = (
				6A63D4E72C8C11AE00C0824F /* MKSender.swift */,
				6A63D4E92C8C121400C0824F /* MKMessage.swift */,
				6A63D4EE2C8C1BAA00C0824F /* MessageModel.swift */,
			);
			path = Model;
			sourceTree = "<group>";
		};
		6A63D4EB2C8C149300C0824F /* DBModel */ = {
			isa = PBXGroup;
			children = (
				6A63D4EC2C8C156200C0824F /* LocalMessage.swift */,
			);
			path = DBModel;
			sourceTree = "<group>";
		};
		6A67AABC2C764B07008F0100 /* Login */ = {
			isa = PBXGroup;
			children = (
				6A67AAC42C76EABF008F0100 /* Model */,
				6A67AABD2C764B5F008F0100 /* LoginViewController.swift */,
				6A67AABF2C764B98008F0100 /* LoginViewModel.swift */,
			);
			path = Login;
			sourceTree = "<group>";
		};
		6A67AAC12C76DFF3008F0100 /* Helper */ = {
			isa = PBXGroup;
			children = (
				6AB8361E2C8D7BDF00C5A3E8 /* ChatHelper */,
				6AB836132C8D221400C5A3E8 /* Realm */,
				6A63D4CE2C8AD63200C0824F /* Extension */,
				6A67AAD62C76FABC008F0100 /* Firebase */,
				6A67AAD32C76F8E4008F0100 /* Enum */,
			);
			path = Helper;
			sourceTree = "<group>";
		};
		6A67AAC42C76EABF008F0100 /* Model */ = {
			isa = PBXGroup;
			children = (
				6AC91F502C77A26900A60476 /* UserModel.swift */,
			);
			path = Model;
			sourceTree = "<group>";
		};
		6A67AAD32C76F8E4008F0100 /* Enum */ = {
			isa = PBXGroup;
			children = (
				6A67AAD42C76F8F4008F0100 /* FirebaseCollectionReference.swift */,
				6AB836182C8D460100C5A3E8 /* ChatStatusEnum.swift */,
				6AB8361A2C8D46E000C5A3E8 /* SendChatTypeEnum.swift */,
			);
			path = Enum;
			sourceTree = "<group>";
		};
		6A67AAD62C76FABC008F0100 /* Firebase */ = {
			isa = PBXGroup;
			children = (
				6A67AACD2C76F466008F0100 /* FirebaseHelper.swift */,
				6A67AAD72C76FACF008F0100 /* FirebaseUserListener.swift */,
				6A1DE53A2C85D0D30053E477 /* FirebaseStorageHelper.swift */,
				6A63D4D32C8AED6C00C0824F /* FirebaseRecentChatHelper.swift */,
				6A63D4D52C8AF7BB00C0824F /* FirebaseRecentChatListener.swift */,
				6AB8361C2C8D570E00C5A3E8 /* FirebaseMessageListener.swift */,
				6AE366002C9BCB8C0008F2D8 /* FirebaseTypingListener.swift */,
			);
			path = Firebase;
			sourceTree = "<group>";
		};
		6A67AAE12C7752BA008F0100 /* Register */ = {
			isa = PBXGroup;
			children = (
				6A67AAE22C7752C9008F0100 /* RegisterViewModel.swift */,
				6A67AAE42C7752D2008F0100 /* RegisterViewController.swift */,
			);
			path = Register;
			sourceTree = "<group>";
		};
		6A7D1C2A2C7984FD00F1F6D0 /* Chats */ = {
			isa = PBXGroup;
			children = (
				6AE365FD2C96E4B50008F2D8 /* View */,
				6AB836212C8D8D1F00C5A3E8 /* Cells */,
				6A63D4EB2C8C149300C0824F /* DBModel */,
				6A63D4E62C8C08BA00C0824F /* Model */,
				6A63D4DB2C8C059800C0824F /* ChatViewExtension */,
				6A7D1C2C2C79857D00F1F6D0 /* ChatsViewController.swift */,
				6A63D4D92C8BE82300C0824F /* ChatsViewModel.swift */,
			);
			path = Chats;
			sourceTree = "<group>";
		};
		6A7D1C2B2C79850800F1F6D0 /* Settings */ = {
			isa = PBXGroup;
			children = (
				6A7D1C3A2C7B8AC800F1F6D0 /* Views */,
				6A7D1C2E2C79859500F1F6D0 /* SettingsViewController.swift */,
				6A7D1C372C7B89F300F1F6D0 /* SettingsViewModel.swift */,
			);
			path = Settings;
			sourceTree = "<group>";
		};
		6A7D1C302C7985C000F1F6D0 /* Tabbar */ = {
			isa = PBXGroup;
			children = (
				6A7D1C312C7985E800F1F6D0 /* HomeTabbarViewController.swift */,
				6A7D1C332C7985F400F1F6D0 /* HomeTabbarViewModel.swift */,
			);
			path = Tabbar;
			sourceTree = "<group>";
		};
		6A7D1C3A2C7B8AC800F1F6D0 /* Views */ = {
			isa = PBXGroup;
			children = (
				6A7D1C3B2C7B8B9400F1F6D0 /* SettingsUserView.swift */,
				6A8918BE2C7D916A0002E1F7 /* ShareLogoutUserView.swift */,
			);
			path = Views;
			sourceTree = "<group>";
		};
		6A9B6F8F2C762AE600614F5D = {
			isa = PBXGroup;
			children = (
				6A9B6F9A2C762AE600614F5D /* WhatsappClone */,
				6A9B6F992C762AE600614F5D /* Products */,
				44B81F6C856CF4606B41FAAF /* Pods */,
				87DE66BD6DCD4D71604F0532 /* Frameworks */,
				6AD5F2EE2C779CF70068DAE3 /* Recovered References */,
			);
			sourceTree = "<group>";
		};
		6A9B6F992C762AE600614F5D /* Products */ = {
			isa = PBXGroup;
			children = (
				6A9B6F982C762AE600614F5D /* WhatsappClone.app */,
			);
			name = Products;
			sourceTree = "<group>";
		};
		6A9B6F9A2C762AE600614F5D /* WhatsappClone */ = {
			isa = PBXGroup;
			children = (
				6A63D4BF2C8986AF00C0824F /* RecentChat */,
				6A1DE5472C88C98B0053E477 /* Profile */,
				6A1DE52D2C80DA220053E477 /* EditProfile */,
				6A7D1C302C7985C000F1F6D0 /* Tabbar */,
				6A7D1C2B2C79850800F1F6D0 /* Settings */,
				6A7D1C2A2C7984FD00F1F6D0 /* Chats */,
				6AFF6A442C7980D600D59FB0 /* Contacts */,
				6AC91F4B2C77A16700A60476 /* Utils */,
				6A67AAE12C7752BA008F0100 /* Register */,
				6A67AAC92C76F042008F0100 /* GoogleService-Info.plist */,
				6A67AAC12C76DFF3008F0100 /* Helper */,
				6A67AABC2C764B07008F0100 /* Login */,
				6A9B6F9B2C762AE600614F5D /* AppDelegate.swift */,
				6A9B6F9D2C762AE600614F5D /* SceneDelegate.swift */,
				6A9B6FA42C762AE800614F5D /* Assets.xcassets */,
				6A9B6FA62C762AE800614F5D /* LaunchScreen.storyboard */,
				6A9B6FA92C762AE800614F5D /* Info.plist */,
			);
			path = WhatsappClone;
			sourceTree = "<group>";
		};
		6AB836132C8D221400C5A3E8 /* Realm */ = {
			isa = PBXGroup;
			children = (
				6AB836142C8D222000C5A3E8 /* DBManager.swift */,
				6AB836162C8D306A00C5A3E8 /* OutgoingMessageHelper.swift */,
			);
			path = Realm;
			sourceTree = "<group>";
		};
		6AB8361E2C8D7BDF00C5A3E8 /* ChatHelper */ = {
			isa = PBXGroup;
			children = (
				6AB8361F2C8D7C0A00C5A3E8 /* IncomeChatHelper.swift */,
			);
			path = ChatHelper;
			sourceTree = "<group>";
		};
		6AB836212C8D8D1F00C5A3E8 /* Cells */ = {
			isa = PBXGroup;
			children = (
				6AB836222C8D8D4100C5A3E8 /* MessageTextChatCell.swift */,
			);
			path = Cells;
			sourceTree = "<group>";
		};
		6AC91F4B2C77A16700A60476 /* Utils */ = {
			isa = PBXGroup;
			children = (
				6AC91F532C77A2E300A60476 /* Constant.swift */,
				6A1DE53C2C86C2FB0053E477 /* Util.swift */,
				6A63D4D12C8ADB7A00C0824F /* DateUtils.swift */,
			);
			name = Utils;
			path = Helper/Enum;
			sourceTree = "<group>";
		};
		6AD5F2EE2C779CF70068DAE3 /* Recovered References */ = {
			isa = PBXGroup;
			children = (
				6A67AACB2C76F339008F0100 /* UserModel.swift */,
				6A67AAD02C76F5F4008F0100 /* Constant.swift */,
			);
			name = "Recovered References";
			sourceTree = "<group>";
		};
		6AE365FD2C96E4B50008F2D8 /* View */ = {
			isa = PBXGroup;
			children = (
				6AE365FE2C96E4CC0008F2D8 /* ChatHeaderView.swift */,
			);
			path = View;
			sourceTree = "<group>";
		};
		6AFF6A442C7980D600D59FB0 /* Contacts */ = {
			isa = PBXGroup;
			children = (
				6A1DE5412C883BF40053E477 /* Model */,
				6A1DE53E2C8734BC0053E477 /* Cells */,
				6AFF6A452C7980E400D59FB0 /* ContactsViewController.swift */,
				6A7D1C352C7B87B700F1F6D0 /* ContactsViewModel.swift */,
			);
			path = Contacts;
			sourceTree = "<group>";
		};
		87DE66BD6DCD4D71604F0532 /* Frameworks */ = {
			isa = PBXGroup;
			children = (
				9D87D142A18D6F6916CB2FAC /* Pods_WhatsappClone.framework */,
			);
			name = Frameworks;
			sourceTree = "<group>";
		};
/* End PBXGroup section */

/* Begin PBXNativeTarget section */
		6A9B6F972C762AE600614F5D /* WhatsappClone */ = {
			isa = PBXNativeTarget;
			buildConfigurationList = 6A9B6FAC2C762AE800614F5D /* Build configuration list for PBXNativeTarget "WhatsappClone" */;
			buildPhases = (
				4BFD5C1941A726D0921D9757 /* [CP] Check Pods Manifest.lock */,
				6A9B6F942C762AE600614F5D /* Sources */,
				6A9B6F952C762AE600614F5D /* Frameworks */,
				6A9B6F962C762AE600614F5D /* Resources */,
				BFB6A808E84A0BB8108950D9 /* [CP] Embed Pods Frameworks */,
			);
			buildRules = (
			);
			dependencies = (
			);
			name = WhatsappClone;
			productName = WhatsappClone;
			productReference = 6A9B6F982C762AE600614F5D /* WhatsappClone.app */;
			productType = "com.apple.product-type.application";
		};
/* End PBXNativeTarget section */

/* Begin PBXProject section */
		6A9B6F902C762AE600614F5D /* Project object */ = {
			isa = PBXProject;
			attributes = {
				BuildIndependentTargetsInParallel = 1;
				LastSwiftUpdateCheck = 1540;
				LastUpgradeCheck = 1540;
				TargetAttributes = {
					6A9B6F972C762AE600614F5D = {
						CreatedOnToolsVersion = 15.4;
					};
				};
			};
			buildConfigurationList = 6A9B6F932C762AE600614F5D /* Build configuration list for PBXProject "WhatsappClone" */;
			compatibilityVersion = "Xcode 14.0";
			developmentRegion = en;
			hasScannedForEncodings = 0;
			knownRegions = (
				en,
				Base,
			);
			mainGroup = 6A9B6F8F2C762AE600614F5D;
			productRefGroup = 6A9B6F992C762AE600614F5D /* Products */;
			projectDirPath = "";
			projectRoot = "";
			targets = (
				6A9B6F972C762AE600614F5D /* WhatsappClone */,
			);
		};
/* End PBXProject section */

/* Begin PBXResourcesBuildPhase section */
		6A9B6F962C762AE600614F5D /* Resources */ = {
			isa = PBXResourcesBuildPhase;
			buildActionMask = 2147483647;
			files = (
				6A9B6FA52C762AE800614F5D /* Assets.xcassets in Resources */,
				6A9B6FA82C762AE800614F5D /* Base in Resources */,
				6A67AACA2C76F042008F0100 /* GoogleService-Info.plist in Resources */,
			);
			runOnlyForDeploymentPostprocessing = 0;
		};
/* End PBXResourcesBuildPhase section */

/* Begin PBXShellScriptBuildPhase section */
		4BFD5C1941A726D0921D9757 /* [CP] Check Pods Manifest.lock */ = {
			isa = PBXShellScriptBuildPhase;
			buildActionMask = 2147483647;
			files = (
			);
			inputFileListPaths = (
			);
			inputPaths = (
				"${PODS_PODFILE_DIR_PATH}/Podfile.lock",
				"${PODS_ROOT}/Manifest.lock",
			);
			name = "[CP] Check Pods Manifest.lock";
			outputFileListPaths = (
			);
			outputPaths = (
				"$(DERIVED_FILE_DIR)/Pods-WhatsappClone-checkManifestLockResult.txt",
			);
			runOnlyForDeploymentPostprocessing = 0;
			shellPath = /bin/sh;
			shellScript = "diff \"${PODS_PODFILE_DIR_PATH}/Podfile.lock\" \"${PODS_ROOT}/Manifest.lock\" > /dev/null\nif [ $? != 0 ] ; then\n    # print error to STDERR\n    echo \"error: The sandbox is not in sync with the Podfile.lock. Run 'pod install' or update your CocoaPods installation.\" >&2\n    exit 1\nfi\n# This output is used by Xcode 'outputs' to avoid re-running this script phase.\necho \"SUCCESS\" > \"${SCRIPT_OUTPUT_FILE_0}\"\n";
			showEnvVarsInLog = 0;
		};
		BFB6A808E84A0BB8108950D9 /* [CP] Embed Pods Frameworks */ = {
			isa = PBXShellScriptBuildPhase;
			buildActionMask = 2147483647;
			files = (
			);
			inputFileListPaths = (
				"${PODS_ROOT}/Target Support Files/Pods-WhatsappClone/Pods-WhatsappClone-frameworks-${CONFIGURATION}-input-files.xcfilelist",
			);
			name = "[CP] Embed Pods Frameworks";
			outputFileListPaths = (
				"${PODS_ROOT}/Target Support Files/Pods-WhatsappClone/Pods-WhatsappClone-frameworks-${CONFIGURATION}-output-files.xcfilelist",
			);
			runOnlyForDeploymentPostprocessing = 0;
			shellPath = /bin/sh;
			shellScript = "\"${PODS_ROOT}/Target Support Files/Pods-WhatsappClone/Pods-WhatsappClone-frameworks.sh\"\n";
			showEnvVarsInLog = 0;
		};
/* End PBXShellScriptBuildPhase section */

/* Begin PBXSourcesBuildPhase section */
		6A9B6F942C762AE600614F5D /* Sources */ = {
			isa = PBXSourcesBuildPhase;
			buildActionMask = 2147483647;
			files = (
				6A1DE53B2C85D0D30053E477 /* FirebaseStorageHelper.swift in Sources */,
				6A67AACE2C76F466008F0100 /* FirebaseHelper.swift in Sources */,
				6AB8361B2C8D46E000C5A3E8 /* SendChatTypeEnum.swift in Sources */,
				6A63D4D82C8B229B00C0824F /* RecentChatCellModel.swift in Sources */,
				6AB836172C8D306A00C5A3E8 /* OutgoingMessageHelper.swift in Sources */,
				6A63D4D02C8AD64400C0824F /* Date+Extension.swift in Sources */,
				6A67AAC02C764B98008F0100 /* LoginViewModel.swift in Sources */,
				6A63D4E32C8C06F400C0824F /* ChatViewController+LayoutDelegate.swift in Sources */,
				6A1DE5312C814FDC0053E477 /* EditProfileUserViewModel.swift in Sources */,
				6A1DE54E2C88D3730053E477 /* ProfileSendMessageView.swift in Sources */,
				6A63D4E52C8C077000C0824F /* ChatViewController+InputBarAccesoryDelegate.swift in Sources */,
				6A63D4D62C8AF7BB00C0824F /* FirebaseRecentChatListener.swift in Sources */,
				6A67AAE32C7752C9008F0100 /* RegisterViewModel.swift in Sources */,
				6A67AAE52C7752D2008F0100 /* RegisterViewController.swift in Sources */,
				6A1DE5492C88C9B30053E477 /* ProfileViewController.swift in Sources */,
				6A1DE53D2C86C2FB0053E477 /* Util.swift in Sources */,
				6A67AABE2C764B5F008F0100 /* LoginViewController.swift in Sources */,
				6A63D4CC2C89959D00C0824F /* RecentMessageModel.swift in Sources */,
				6A9B6F9C2C762AE600614F5D /* AppDelegate.swift in Sources */,
				6A7D1C322C7985E800F1F6D0 /* HomeTabbarViewController.swift in Sources */,
				6A1DE5432C883C030053E477 /* ContactListCellModel.swift in Sources */,
				6A63D4DF2C8C066100C0824F /* ChatViewController+MessagesCellDelegate.swift in Sources */,
				6A63D4C32C8987E500C0824F /* RecentChatViewModel.swift in Sources */,
				6A63D4ED2C8C156200C0824F /* LocalMessage.swift in Sources */,
				6A7D1C342C7985F400F1F6D0 /* HomeTabbarViewModel.swift in Sources */,
				6A63D4E82C8C11AE00C0824F /* MKSender.swift in Sources */,
				6A63D4EA2C8C121400C0824F /* MKMessage.swift in Sources */,
				6AE366012C9BCB8C0008F2D8 /* FirebaseTypingListener.swift in Sources */,
				6A63D4D22C8ADB7A00C0824F /* DateUtils.swift in Sources */,
				6A1DE5372C82DE0A0053E477 /* ProfileAvatarUsernameView.swift in Sources */,
				6A8918BF2C7D916A0002E1F7 /* ShareLogoutUserView.swift in Sources */,
				6A9B6F9E2C762AE600614F5D /* SceneDelegate.swift in Sources */,
				6A63D4C12C8987C900C0824F /* RecentChatViewController.swift in Sources */,
				6A7D1C3C2C7B8B9400F1F6D0 /* SettingsUserView.swift in Sources */,
				6A7D1C2D2C79857D00F1F6D0 /* ChatsViewController.swift in Sources */,
				6A63D4D42C8AED6C00C0824F /* FirebaseRecentChatHelper.swift in Sources */,
				6A7D1C362C7B87B700F1F6D0 /* ContactsViewModel.swift in Sources */,
				6A1DE5392C8324140053E477 /* StatusView.swift in Sources */,
				6A7D1C2F2C79859500F1F6D0 /* SettingsViewController.swift in Sources */,
				6AB836202C8D7C0A00C5A3E8 /* IncomeChatHelper.swift in Sources */,
				6A63D4DA2C8BE82300C0824F /* ChatsViewModel.swift in Sources */,
				6AFF6A462C7980E400D59FB0 /* ContactsViewController.swift in Sources */,
				6AB8361D2C8D570E00C5A3E8 /* FirebaseMessageListener.swift in Sources */,
				6A7D1C382C7B89F300F1F6D0 /* SettingsViewModel.swift in Sources */,
				6A67AAD52C76F8F4008F0100 /* FirebaseCollectionReference.swift in Sources */,
				6A1DE5452C888F8E0053E477 /* ContactCell.swift in Sources */,
				6A67AAC32C76E019008F0100 /* UIColor+Extension.swift in Sources */,
				6AD5F2EF2C779DB80068DAE3 /* FirebaseHelper.swift in Sources */,
				6A63D4C72C898A0E00C0824F /* RecentChatCell.swift in Sources */,
				6A1DE52F2C80DA8D0053E477 /* EditProfileUserViewController.swift in Sources */,
				6AC91F542C77A2E300A60476 /* Constant.swift in Sources */,
				6AB836232C8D8D4100C5A3E8 /* MessageTextChatCell.swift in Sources */,
				6AE365FF2C96E4CC0008F2D8 /* ChatHeaderView.swift in Sources */,
				6A63D4DD2C8C05C100C0824F /* ChatsViewController+DataSource.swift in Sources */,
				6AB836192C8D460100C5A3E8 /* ChatStatusEnum.swift in Sources */,
				6A1DE54B2C88C9BE0053E477 /* ProfileViewModel.swift in Sources */,
				6A63D4E12C8C06A300C0824F /* ChatViewController+MessageDisplayDelegate.swift in Sources */,
				6AB836152C8D222000C5A3E8 /* DBManager.swift in Sources */,
				6AC91F552C77A2E900A60476 /* UserModel.swift in Sources */,
				6A63D4EF2C8C1BAA00C0824F /* MessageModel.swift in Sources */,
				6A67AAC32C76E019008F0100 /* UIColor+Extension.swift in Sources */,
				6A67AAD82C76FACF008F0100 /* FirebaseUserListener.swift in Sources */,
			);
			runOnlyForDeploymentPostprocessing = 0;
		};
/* End PBXSourcesBuildPhase section */

/* Begin PBXVariantGroup section */
		6A9B6FA62C762AE800614F5D /* LaunchScreen.storyboard */ = {
			isa = PBXVariantGroup;
			children = (
				6A9B6FA72C762AE800614F5D /* Base */,
			);
			name = LaunchScreen.storyboard;
			sourceTree = "<group>";
		};
/* End PBXVariantGroup section */

/* Begin XCBuildConfiguration section */
		6A9B6FAA2C762AE800614F5D /* Debug */ = {
			isa = XCBuildConfiguration;
			buildSettings = {
				ALWAYS_SEARCH_USER_PATHS = NO;
				ASSETCATALOG_COMPILER_GENERATE_SWIFT_ASSET_SYMBOL_EXTENSIONS = YES;
				CLANG_ANALYZER_NONNULL = YES;
				CLANG_ANALYZER_NUMBER_OBJECT_CONVERSION = YES_AGGRESSIVE;
				CLANG_CXX_LANGUAGE_STANDARD = "gnu++20";
				CLANG_ENABLE_MODULES = YES;
				CLANG_ENABLE_OBJC_ARC = YES;
				CLANG_ENABLE_OBJC_WEAK = YES;
				CLANG_WARN_BLOCK_CAPTURE_AUTORELEASING = YES;
				CLANG_WARN_BOOL_CONVERSION = YES;
				CLANG_WARN_COMMA = YES;
				CLANG_WARN_CONSTANT_CONVERSION = YES;
				CLANG_WARN_DEPRECATED_OBJC_IMPLEMENTATIONS = YES;
				CLANG_WARN_DIRECT_OBJC_ISA_USAGE = YES_ERROR;
				CLANG_WARN_DOCUMENTATION_COMMENTS = YES;
				CLANG_WARN_EMPTY_BODY = YES;
				CLANG_WARN_ENUM_CONVERSION = YES;
				CLANG_WARN_INFINITE_RECURSION = YES;
				CLANG_WARN_INT_CONVERSION = YES;
				CLANG_WARN_NON_LITERAL_NULL_CONVERSION = YES;
				CLANG_WARN_OBJC_IMPLICIT_RETAIN_SELF = YES;
				CLANG_WARN_OBJC_LITERAL_CONVERSION = YES;
				CLANG_WARN_OBJC_ROOT_CLASS = YES_ERROR;
				CLANG_WARN_QUOTED_INCLUDE_IN_FRAMEWORK_HEADER = YES;
				CLANG_WARN_RANGE_LOOP_ANALYSIS = YES;
				CLANG_WARN_STRICT_PROTOTYPES = YES;
				CLANG_WARN_SUSPICIOUS_MOVE = YES;
				CLANG_WARN_UNGUARDED_AVAILABILITY = YES_AGGRESSIVE;
				CLANG_WARN_UNREACHABLE_CODE = YES;
				CLANG_WARN__DUPLICATE_METHOD_MATCH = YES;
				COPY_PHASE_STRIP = NO;
				DEBUG_INFORMATION_FORMAT = dwarf;
				ENABLE_STRICT_OBJC_MSGSEND = YES;
				ENABLE_TESTABILITY = YES;
				ENABLE_USER_SCRIPT_SANDBOXING = NO;
				GCC_C_LANGUAGE_STANDARD = gnu17;
				GCC_DYNAMIC_NO_PIC = NO;
				GCC_NO_COMMON_BLOCKS = YES;
				GCC_OPTIMIZATION_LEVEL = 0;
				GCC_PREPROCESSOR_DEFINITIONS = (
					"DEBUG=1",
					"$(inherited)",
				);
				GCC_WARN_64_TO_32_BIT_CONVERSION = YES;
				GCC_WARN_ABOUT_RETURN_TYPE = YES_ERROR;
				GCC_WARN_UNDECLARED_SELECTOR = YES;
				GCC_WARN_UNINITIALIZED_AUTOS = YES_AGGRESSIVE;
				GCC_WARN_UNUSED_FUNCTION = YES;
				GCC_WARN_UNUSED_VARIABLE = YES;
				IPHONEOS_DEPLOYMENT_TARGET = 17.5;
				LOCALIZATION_PREFERS_STRING_CATALOGS = YES;
				MTL_ENABLE_DEBUG_INFO = INCLUDE_SOURCE;
				MTL_FAST_MATH = YES;
				ONLY_ACTIVE_ARCH = YES;
				SDKROOT = iphoneos;
				SWIFT_ACTIVE_COMPILATION_CONDITIONS = "DEBUG $(inherited)";
				SWIFT_OPTIMIZATION_LEVEL = "-Onone";
			};
			name = Debug;
		};
		6A9B6FAB2C762AE800614F5D /* Release */ = {
			isa = XCBuildConfiguration;
			buildSettings = {
				ALWAYS_SEARCH_USER_PATHS = NO;
				ASSETCATALOG_COMPILER_GENERATE_SWIFT_ASSET_SYMBOL_EXTENSIONS = YES;
				CLANG_ANALYZER_NONNULL = YES;
				CLANG_ANALYZER_NUMBER_OBJECT_CONVERSION = YES_AGGRESSIVE;
				CLANG_CXX_LANGUAGE_STANDARD = "gnu++20";
				CLANG_ENABLE_MODULES = YES;
				CLANG_ENABLE_OBJC_ARC = YES;
				CLANG_ENABLE_OBJC_WEAK = YES;
				CLANG_WARN_BLOCK_CAPTURE_AUTORELEASING = YES;
				CLANG_WARN_BOOL_CONVERSION = YES;
				CLANG_WARN_COMMA = YES;
				CLANG_WARN_CONSTANT_CONVERSION = YES;
				CLANG_WARN_DEPRECATED_OBJC_IMPLEMENTATIONS = YES;
				CLANG_WARN_DIRECT_OBJC_ISA_USAGE = YES_ERROR;
				CLANG_WARN_DOCUMENTATION_COMMENTS = YES;
				CLANG_WARN_EMPTY_BODY = YES;
				CLANG_WARN_ENUM_CONVERSION = YES;
				CLANG_WARN_INFINITE_RECURSION = YES;
				CLANG_WARN_INT_CONVERSION = YES;
				CLANG_WARN_NON_LITERAL_NULL_CONVERSION = YES;
				CLANG_WARN_OBJC_IMPLICIT_RETAIN_SELF = YES;
				CLANG_WARN_OBJC_LITERAL_CONVERSION = YES;
				CLANG_WARN_OBJC_ROOT_CLASS = YES_ERROR;
				CLANG_WARN_QUOTED_INCLUDE_IN_FRAMEWORK_HEADER = YES;
				CLANG_WARN_RANGE_LOOP_ANALYSIS = YES;
				CLANG_WARN_STRICT_PROTOTYPES = YES;
				CLANG_WARN_SUSPICIOUS_MOVE = YES;
				CLANG_WARN_UNGUARDED_AVAILABILITY = YES_AGGRESSIVE;
				CLANG_WARN_UNREACHABLE_CODE = YES;
				CLANG_WARN__DUPLICATE_METHOD_MATCH = YES;
				COPY_PHASE_STRIP = NO;
				DEBUG_INFORMATION_FORMAT = "dwarf-with-dsym";
				ENABLE_NS_ASSERTIONS = NO;
				ENABLE_STRICT_OBJC_MSGSEND = YES;
				ENABLE_USER_SCRIPT_SANDBOXING = NO;
				GCC_C_LANGUAGE_STANDARD = gnu17;
				GCC_NO_COMMON_BLOCKS = YES;
				GCC_WARN_64_TO_32_BIT_CONVERSION = YES;
				GCC_WARN_ABOUT_RETURN_TYPE = YES_ERROR;
				GCC_WARN_UNDECLARED_SELECTOR = YES;
				GCC_WARN_UNINITIALIZED_AUTOS = YES_AGGRESSIVE;
				GCC_WARN_UNUSED_FUNCTION = YES;
				GCC_WARN_UNUSED_VARIABLE = YES;
				IPHONEOS_DEPLOYMENT_TARGET = 17.5;
				LOCALIZATION_PREFERS_STRING_CATALOGS = YES;
				MTL_ENABLE_DEBUG_INFO = NO;
				MTL_FAST_MATH = YES;
				SDKROOT = iphoneos;
				SWIFT_COMPILATION_MODE = wholemodule;
				VALIDATE_PRODUCT = YES;
			};
			name = Release;
		};
		6A9B6FAD2C762AE800614F5D /* Debug */ = {
			isa = XCBuildConfiguration;
			baseConfigurationReference = 8982861C24A5BF6556695749 /* Pods-WhatsappClone.debug.xcconfig */;
			buildSettings = {
				ASSETCATALOG_COMPILER_APPICON_NAME = AppIcon;
				ASSETCATALOG_COMPILER_GLOBAL_ACCENT_COLOR_NAME = AccentColor;
				CODE_SIGN_STYLE = Automatic;
				CURRENT_PROJECT_VERSION = 1;
				DEVELOPMENT_TEAM = 9CPQ5HZ2TL;
				GENERATE_INFOPLIST_FILE = YES;
				INFOPLIST_FILE = WhatsappClone/Info.plist;
				INFOPLIST_KEY_UIApplicationSupportsIndirectInputEvents = YES;
				INFOPLIST_KEY_UILaunchStoryboardName = LaunchScreen;
				INFOPLIST_KEY_UISupportedInterfaceOrientations_iPad = "UIInterfaceOrientationPortrait UIInterfaceOrientationPortraitUpsideDown UIInterfaceOrientationLandscapeLeft UIInterfaceOrientationLandscapeRight";
				INFOPLIST_KEY_UISupportedInterfaceOrientations_iPhone = "UIInterfaceOrientationPortrait UIInterfaceOrientationLandscapeLeft UIInterfaceOrientationLandscapeRight";
				IPHONEOS_DEPLOYMENT_TARGET = 17.0;
				LD_RUNPATH_SEARCH_PATHS = (
					"$(inherited)",
					"@executable_path/Frameworks",
				);
				MARKETING_VERSION = 1.0;
				PRODUCT_BUNDLE_IDENTIFIER = fastcampus.dary.WhatsappClone;
				PRODUCT_NAME = "$(TARGET_NAME)";
				SWIFT_EMIT_LOC_STRINGS = YES;
				SWIFT_VERSION = 5.0;
				TARGETED_DEVICE_FAMILY = "1,2";
			};
			name = Debug;
		};
		6A9B6FAE2C762AE800614F5D /* Release */ = {
			isa = XCBuildConfiguration;
			baseConfigurationReference = 66213E1C246606E7EE096119 /* Pods-WhatsappClone.release.xcconfig */;
			buildSettings = {
				ASSETCATALOG_COMPILER_APPICON_NAME = AppIcon;
				ASSETCATALOG_COMPILER_GLOBAL_ACCENT_COLOR_NAME = AccentColor;
				CODE_SIGN_STYLE = Automatic;
				CURRENT_PROJECT_VERSION = 1;
				DEVELOPMENT_TEAM = 9CPQ5HZ2TL;
				GENERATE_INFOPLIST_FILE = YES;
				INFOPLIST_FILE = WhatsappClone/Info.plist;
				INFOPLIST_KEY_UIApplicationSupportsIndirectInputEvents = YES;
				INFOPLIST_KEY_UILaunchStoryboardName = LaunchScreen;
				INFOPLIST_KEY_UISupportedInterfaceOrientations_iPad = "UIInterfaceOrientationPortrait UIInterfaceOrientationPortraitUpsideDown UIInterfaceOrientationLandscapeLeft UIInterfaceOrientationLandscapeRight";
				INFOPLIST_KEY_UISupportedInterfaceOrientations_iPhone = "UIInterfaceOrientationPortrait UIInterfaceOrientationLandscapeLeft UIInterfaceOrientationLandscapeRight";
				IPHONEOS_DEPLOYMENT_TARGET = 17.0;
				LD_RUNPATH_SEARCH_PATHS = (
					"$(inherited)",
					"@executable_path/Frameworks",
				);
				MARKETING_VERSION = 1.0;
				PRODUCT_BUNDLE_IDENTIFIER = fastcampus.dary.WhatsappClone;
				PRODUCT_NAME = "$(TARGET_NAME)";
				SWIFT_EMIT_LOC_STRINGS = YES;
				SWIFT_VERSION = 5.0;
				TARGETED_DEVICE_FAMILY = "1,2";
			};
			name = Release;
		};
/* End XCBuildConfiguration section */

/* Begin XCConfigurationList section */
		6A9B6F932C762AE600614F5D /* Build configuration list for PBXProject "WhatsappClone" */ = {
			isa = XCConfigurationList;
			buildConfigurations = (
				6A9B6FAA2C762AE800614F5D /* Debug */,
				6A9B6FAB2C762AE800614F5D /* Release */,
			);
			defaultConfigurationIsVisible = 0;
			defaultConfigurationName = Release;
		};
		6A9B6FAC2C762AE800614F5D /* Build configuration list for PBXNativeTarget "WhatsappClone" */ = {
			isa = XCConfigurationList;
			buildConfigurations = (
				6A9B6FAD2C762AE800614F5D /* Debug */,
				6A9B6FAE2C762AE800614F5D /* Release */,
			);
			defaultConfigurationIsVisible = 0;
			defaultConfigurationName = Release;
		};
/* End XCConfigurationList section */
	};
	rootObject = 6A9B6F902C762AE600614F5D /* Project object */;
}
